// !$*UTF8*$!
{
	archiveVersion = 1;
	classes = {
	};
	objectVersion = 52;
	objects = {

/* Begin PBXBuildFile section */
		2749A88F275196DA008E1FD1 /* APIRequest.swift in Sources */ = {isa = PBXBuildFile; fileRef = 2749A88E275196DA008E1FD1 /* APIRequest.swift */; };
		2749A89127519744008E1FD1 /* APIService.swift in Sources */ = {isa = PBXBuildFile; fileRef = 2749A89027519744008E1FD1 /* APIService.swift */; };
		2749A8932751976D008E1FD1 /* RequestType.swift in Sources */ = {isa = PBXBuildFile; fileRef = 2749A8922751976D008E1FD1 /* RequestType.swift */; };
		2749A89527519817008E1FD1 /* Planet.swift in Sources */ = {isa = PBXBuildFile; fileRef = 2749A89427519817008E1FD1 /* Planet.swift */; };
		A00EBB7A262D0CAF001A51E4 /* ErrorView.swift in Sources */ = {isa = PBXBuildFile; fileRef = A00EBB79262D0CAF001A51E4 /* ErrorView.swift */; };
		A03D68C82623C1DB0074810A /* MLSearchAppApp.swift in Sources */ = {isa = PBXBuildFile; fileRef = A03D68C72623C1DB0074810A /* MLSearchAppApp.swift */; };
		A03D68CA2623C1DB0074810A /* HomeView.swift in Sources */ = {isa = PBXBuildFile; fileRef = A03D68C92623C1DB0074810A /* HomeView.swift */; };
		A03D68CC2623C1DD0074810A /* Assets.xcassets in Resources */ = {isa = PBXBuildFile; fileRef = A03D68CB2623C1DD0074810A /* Assets.xcassets */; };
		A03D68CF2623C1DD0074810A /* Preview Assets.xcassets in Resources */ = {isa = PBXBuildFile; fileRef = A03D68CE2623C1DD0074810A /* Preview Assets.xcassets */; };
		A03D68DA2623C1DD0074810A /* MLSearchAppTests.swift in Sources */ = {isa = PBXBuildFile; fileRef = A03D68D92623C1DD0074810A /* MLSearchAppTests.swift */; };
		A03D68E52623C1DD0074810A /* MLSearchAppUITests.swift in Sources */ = {isa = PBXBuildFile; fileRef = A03D68E42623C1DD0074810A /* MLSearchAppUITests.swift */; };
		A050ACB02623C40B00E1A42B /* Localizable.strings in Resources */ = {isa = PBXBuildFile; fileRef = A050ACAF2623C40B00E1A42B /* Localizable.strings */; };
		A050ACB92623C49E00E1A42B /* LaunchScreen.storyboard in Resources */ = {isa = PBXBuildFile; fileRef = A050ACB82623C49E00E1A42B /* LaunchScreen.storyboard */; };
		A050ACCA2623C5AB00E1A42B /* Harabara Mais Bold.otf in Resources */ = {isa = PBXBuildFile; fileRef = A050ACC22623C5AB00E1A42B /* Harabara Mais Bold.otf */; };
		A050ACCB2623C5AB00E1A42B /* Harabara Mais BdIt.otf in Resources */ = {isa = PBXBuildFile; fileRef = A050ACC32623C5AB00E1A42B /* Harabara Mais BdIt.otf */; };
		A050ACCC2623C5AB00E1A42B /* Harabara Mais Black.otf in Resources */ = {isa = PBXBuildFile; fileRef = A050ACC42623C5AB00E1A42B /* Harabara Mais Black.otf */; };
		A050ACCD2623C5AB00E1A42B /* Harabara Mais LtIt.otf in Resources */ = {isa = PBXBuildFile; fileRef = A050ACC52623C5AB00E1A42B /* Harabara Mais LtIt.otf */; };
		A050ACCE2623C5AB00E1A42B /* Harabara Mais Italic.otf in Resources */ = {isa = PBXBuildFile; fileRef = A050ACC62623C5AB00E1A42B /* Harabara Mais Italic.otf */; };
		A050ACCF2623C5AB00E1A42B /* Harabara Mais Black Italic.otf in Resources */ = {isa = PBXBuildFile; fileRef = A050ACC72623C5AB00E1A42B /* Harabara Mais Black Italic.otf */; };
		A050ACD02623C5AB00E1A42B /* Harabara Mais Light.otf in Resources */ = {isa = PBXBuildFile; fileRef = A050ACC82623C5AB00E1A42B /* Harabara Mais Light.otf */; };
		A050ACD12623C5AB00E1A42B /* Harabara Mais.otf in Resources */ = {isa = PBXBuildFile; fileRef = A050ACC92623C5AB00E1A42B /* Harabara Mais.otf */; };
		A050ACE22623CA1200E1A42B /* HomeInteractor.swift in Sources */ = {isa = PBXBuildFile; fileRef = A050ACE12623CA1200E1A42B /* HomeInteractor.swift */; };
		A050ACE72623CA4400E1A42B /* HomePresenter.swift in Sources */ = {isa = PBXBuildFile; fileRef = A050ACE62623CA4400E1A42B /* HomePresenter.swift */; };
		A050ACEC2623CA5300E1A42B /* HomeRouter.swift in Sources */ = {isa = PBXBuildFile; fileRef = A050ACEB2623CA5300E1A42B /* HomeRouter.swift */; };
		A050ACF826252A2100E1A42B /* Colors.swift in Sources */ = {isa = PBXBuildFile; fileRef = A050ACF726252A2100E1A42B /* Colors.swift */; };
		A050ACFE26252C8100E1A42B /* ArticleCell.swift in Sources */ = {isa = PBXBuildFile; fileRef = A050ACFD26252C8100E1A42B /* ArticleCell.swift */; };
		A050AD102625B67900E1A42B /* ProductDetailViewController.swift in Sources */ = {isa = PBXBuildFile; fileRef = A050AD0E2625B67900E1A42B /* ProductDetailViewController.swift */; };
		A050AD112625B67900E1A42B /* ProductDetailViewController.xib in Resources */ = {isa = PBXBuildFile; fileRef = A050AD0F2625B67900E1A42B /* ProductDetailViewController.xib */; };
		A050AD1A2625C3BB00E1A42B /* Kingfisher in Frameworks */ = {isa = PBXBuildFile; productRef = A050AD192625C3BB00E1A42B /* Kingfisher */; };
		A050AD232625CD4000E1A42B /* UIViewController+Extension.swift in Sources */ = {isa = PBXBuildFile; fileRef = A050AD222625CD4000E1A42B /* UIViewController+Extension.swift */; };
		A07A3772262C9E5300E5693C /* MLSearchAppEnvironment.swift in Sources */ = {isa = PBXBuildFile; fileRef = A07A3771262C9E5200E5693C /* MLSearchAppEnvironment.swift */; };
/* End PBXBuildFile section */

/* Begin PBXContainerItemProxy section */
		A03D68D62623C1DD0074810A /* PBXContainerItemProxy */ = {
			isa = PBXContainerItemProxy;
			containerPortal = A03D68BC2623C1DB0074810A /* Project object */;
			proxyType = 1;
			remoteGlobalIDString = A03D68C32623C1DB0074810A;
			remoteInfo = MLSearchApp;
		};
		A03D68E12623C1DD0074810A /* PBXContainerItemProxy */ = {
			isa = PBXContainerItemProxy;
			containerPortal = A03D68BC2623C1DB0074810A /* Project object */;
			proxyType = 1;
			remoteGlobalIDString = A03D68C32623C1DB0074810A;
			remoteInfo = MLSearchApp;
		};
/* End PBXContainerItemProxy section */

/* Begin PBXFileReference section */
		2749A88E275196DA008E1FD1 /* APIRequest.swift */ = {isa = PBXFileReference; lastKnownFileType = sourcecode.swift; path = APIRequest.swift; sourceTree = "<group>"; };
		2749A89027519744008E1FD1 /* APIService.swift */ = {isa = PBXFileReference; lastKnownFileType = sourcecode.swift; path = APIService.swift; sourceTree = "<group>"; };
		2749A8922751976D008E1FD1 /* RequestType.swift */ = {isa = PBXFileReference; lastKnownFileType = sourcecode.swift; path = RequestType.swift; sourceTree = "<group>"; };
		2749A89427519817008E1FD1 /* Planet.swift */ = {isa = PBXFileReference; lastKnownFileType = sourcecode.swift; path = Planet.swift; sourceTree = "<group>"; };
		A00EBB79262D0CAF001A51E4 /* ErrorView.swift */ = {isa = PBXFileReference; lastKnownFileType = sourcecode.swift; path = ErrorView.swift; sourceTree = "<group>"; };
		A03D68C42623C1DB0074810A /* PlanetListApp.app */ = {isa = PBXFileReference; explicitFileType = wrapper.application; includeInIndex = 0; path = PlanetListApp.app; sourceTree = BUILT_PRODUCTS_DIR; };
		A03D68C72623C1DB0074810A /* MLSearchAppApp.swift */ = {isa = PBXFileReference; lastKnownFileType = sourcecode.swift; path = MLSearchAppApp.swift; sourceTree = "<group>"; };
		A03D68C92623C1DB0074810A /* HomeView.swift */ = {isa = PBXFileReference; lastKnownFileType = sourcecode.swift; path = HomeView.swift; sourceTree = "<group>"; };
		A03D68CB2623C1DD0074810A /* Assets.xcassets */ = {isa = PBXFileReference; lastKnownFileType = folder.assetcatalog; path = Assets.xcassets; sourceTree = "<group>"; };
		A03D68CE2623C1DD0074810A /* Preview Assets.xcassets */ = {isa = PBXFileReference; lastKnownFileType = folder.assetcatalog; path = "Preview Assets.xcassets"; sourceTree = "<group>"; };
		A03D68D02623C1DD0074810A /* Info.plist */ = {isa = PBXFileReference; lastKnownFileType = text.plist.xml; path = Info.plist; sourceTree = "<group>"; };
		A03D68D52623C1DD0074810A /* PlanetListAppTests.xctest */ = {isa = PBXFileReference; explicitFileType = wrapper.cfbundle; includeInIndex = 0; path = PlanetListAppTests.xctest; sourceTree = BUILT_PRODUCTS_DIR; };
		A03D68D92623C1DD0074810A /* MLSearchAppTests.swift */ = {isa = PBXFileReference; lastKnownFileType = sourcecode.swift; path = MLSearchAppTests.swift; sourceTree = "<group>"; };
		A03D68DB2623C1DD0074810A /* Info.plist */ = {isa = PBXFileReference; lastKnownFileType = text.plist.xml; path = Info.plist; sourceTree = "<group>"; };
		A03D68E02623C1DD0074810A /* PlanetListAppUITests.xctest */ = {isa = PBXFileReference; explicitFileType = wrapper.cfbundle; includeInIndex = 0; path = PlanetListAppUITests.xctest; sourceTree = BUILT_PRODUCTS_DIR; };
		A03D68E42623C1DD0074810A /* MLSearchAppUITests.swift */ = {isa = PBXFileReference; lastKnownFileType = sourcecode.swift; path = MLSearchAppUITests.swift; sourceTree = "<group>"; };
		A03D68E62623C1DD0074810A /* Info.plist */ = {isa = PBXFileReference; lastKnownFileType = text.plist.xml; path = Info.plist; sourceTree = "<group>"; };
		A050ACAF2623C40B00E1A42B /* Localizable.strings */ = {isa = PBXFileReference; lastKnownFileType = text.plist.strings; path = Localizable.strings; sourceTree = "<group>"; };
		A050ACB82623C49E00E1A42B /* LaunchScreen.storyboard */ = {isa = PBXFileReference; lastKnownFileType = file.storyboard; path = LaunchScreen.storyboard; sourceTree = "<group>"; };
		A050ACC22623C5AB00E1A42B /* Harabara Mais Bold.otf */ = {isa = PBXFileReference; lastKnownFileType = file; path = "Harabara Mais Bold.otf"; sourceTree = "<group>"; };
		A050ACC32623C5AB00E1A42B /* Harabara Mais BdIt.otf */ = {isa = PBXFileReference; lastKnownFileType = file; path = "Harabara Mais BdIt.otf"; sourceTree = "<group>"; };
		A050ACC42623C5AB00E1A42B /* Harabara Mais Black.otf */ = {isa = PBXFileReference; lastKnownFileType = file; path = "Harabara Mais Black.otf"; sourceTree = "<group>"; };
		A050ACC52623C5AB00E1A42B /* Harabara Mais LtIt.otf */ = {isa = PBXFileReference; lastKnownFileType = file; path = "Harabara Mais LtIt.otf"; sourceTree = "<group>"; };
		A050ACC62623C5AB00E1A42B /* Harabara Mais Italic.otf */ = {isa = PBXFileReference; lastKnownFileType = file; path = "Harabara Mais Italic.otf"; sourceTree = "<group>"; };
		A050ACC72623C5AB00E1A42B /* Harabara Mais Black Italic.otf */ = {isa = PBXFileReference; lastKnownFileType = file; path = "Harabara Mais Black Italic.otf"; sourceTree = "<group>"; };
		A050ACC82623C5AB00E1A42B /* Harabara Mais Light.otf */ = {isa = PBXFileReference; lastKnownFileType = file; path = "Harabara Mais Light.otf"; sourceTree = "<group>"; };
		A050ACC92623C5AB00E1A42B /* Harabara Mais.otf */ = {isa = PBXFileReference; lastKnownFileType = file; path = "Harabara Mais.otf"; sourceTree = "<group>"; };
		A050ACE12623CA1200E1A42B /* HomeInteractor.swift */ = {isa = PBXFileReference; lastKnownFileType = sourcecode.swift; path = HomeInteractor.swift; sourceTree = "<group>"; };
		A050ACE62623CA4400E1A42B /* HomePresenter.swift */ = {isa = PBXFileReference; lastKnownFileType = sourcecode.swift; path = HomePresenter.swift; sourceTree = "<group>"; };
		A050ACEB2623CA5300E1A42B /* HomeRouter.swift */ = {isa = PBXFileReference; lastKnownFileType = sourcecode.swift; path = HomeRouter.swift; sourceTree = "<group>"; };
		A050ACF726252A2100E1A42B /* Colors.swift */ = {isa = PBXFileReference; lastKnownFileType = sourcecode.swift; path = Colors.swift; sourceTree = "<group>"; };
		A050ACFD26252C8100E1A42B /* ArticleCell.swift */ = {isa = PBXFileReference; lastKnownFileType = sourcecode.swift; path = ArticleCell.swift; sourceTree = "<group>"; };
		A050AD0E2625B67900E1A42B /* ProductDetailViewController.swift */ = {isa = PBXFileReference; lastKnownFileType = sourcecode.swift; path = ProductDetailViewController.swift; sourceTree = "<group>"; };
		A050AD0F2625B67900E1A42B /* ProductDetailViewController.xib */ = {isa = PBXFileReference; lastKnownFileType = file.xib; path = ProductDetailViewController.xib; sourceTree = "<group>"; };
		A050AD222625CD4000E1A42B /* UIViewController+Extension.swift */ = {isa = PBXFileReference; lastKnownFileType = sourcecode.swift; path = "UIViewController+Extension.swift"; sourceTree = "<group>"; };
		A07A3771262C9E5200E5693C /* MLSearchAppEnvironment.swift */ = {isa = PBXFileReference; fileEncoding = 4; lastKnownFileType = sourcecode.swift; path = MLSearchAppEnvironment.swift; sourceTree = "<group>"; };
/* End PBXFileReference section */

/* Begin PBXFrameworksBuildPhase section */
		A03D68C12623C1DB0074810A /* Frameworks */ = {
			isa = PBXFrameworksBuildPhase;
			buildActionMask = 2147483647;
			files = (
				A050AD1A2625C3BB00E1A42B /* Kingfisher in Frameworks */,
			);
			runOnlyForDeploymentPostprocessing = 0;
		};
		A03D68D22623C1DD0074810A /* Frameworks */ = {
			isa = PBXFrameworksBuildPhase;
			buildActionMask = 2147483647;
			files = (
			);
			runOnlyForDeploymentPostprocessing = 0;
		};
		A03D68DD2623C1DD0074810A /* Frameworks */ = {
			isa = PBXFrameworksBuildPhase;
			buildActionMask = 2147483647;
			files = (
			);
			runOnlyForDeploymentPostprocessing = 0;
		};
/* End PBXFrameworksBuildPhase section */

/* Begin PBXGroup section */
		A03D68BB2623C1DB0074810A = {
			isa = PBXGroup;
			children = (
				A03D68C62623C1DB0074810A /* PlanetListApp */,
				A03D68D82623C1DD0074810A /* PlanetListAppTests */,
				A03D68E32623C1DD0074810A /* PlanetListAppUITests */,
				A03D68C52623C1DB0074810A /* Products */,
			);
			sourceTree = "<group>";
		};
		A03D68C52623C1DB0074810A /* Products */ = {
			isa = PBXGroup;
			children = (
				A03D68C42623C1DB0074810A /* PlanetListApp.app */,
				A03D68D52623C1DD0074810A /* PlanetListAppTests.xctest */,
				A03D68E02623C1DD0074810A /* PlanetListAppUITests.xctest */,
			);
			name = Products;
			sourceTree = "<group>";
		};
		A03D68C62623C1DB0074810A /* PlanetListApp */ = {
			isa = PBXGroup;
			children = (
				A050ACB72623C45A00E1A42B /* App */,
				A050ACA12623C2B400E1A42B /* Modules */,
				A050ACF02623CA5A00E1A42B /* Entities */,
				A03D69112625E0150074810A /* Networking */,
				A050ACA62623C36E00E1A42B /* Resources */,
			);
			path = PlanetListApp;
			sourceTree = "<group>";
		};
		A03D68D82623C1DD0074810A /* PlanetListAppTests */ = {
			isa = PBXGroup;
			children = (
				A03D68D92623C1DD0074810A /* MLSearchAppTests.swift */,
				A03D68DB2623C1DD0074810A /* Info.plist */,
			);
			path = PlanetListAppTests;
			sourceTree = "<group>";
		};
		A03D68E32623C1DD0074810A /* PlanetListAppUITests */ = {
			isa = PBXGroup;
			children = (
				A03D68E42623C1DD0074810A /* MLSearchAppUITests.swift */,
				A03D68E62623C1DD0074810A /* Info.plist */,
			);
			path = PlanetListAppUITests;
			sourceTree = "<group>";
		};
		A03D69112625E0150074810A /* Networking */ = {
			isa = PBXGroup;
			children = (
				2749A88E275196DA008E1FD1 /* APIRequest.swift */,
				2749A89027519744008E1FD1 /* APIService.swift */,
				2749A8922751976D008E1FD1 /* RequestType.swift */,
			);
			path = Networking;
			sourceTree = "<group>";
		};
		A050ACA02623C2A900E1A42B /* Home */ = {
			isa = PBXGroup;
			children = (
				A03D68C92623C1DB0074810A /* HomeView.swift */,
				A050ACE12623CA1200E1A42B /* HomeInteractor.swift */,
				A050ACE62623CA4400E1A42B /* HomePresenter.swift */,
				A050ACEB2623CA5300E1A42B /* HomeRouter.swift */,
			);
			path = Home;
			sourceTree = "<group>";
		};
		A050ACA12623C2B400E1A42B /* Modules */ = {
			isa = PBXGroup;
			children = (
				A050ACA02623C2A900E1A42B /* Home */,
				A050ACA22623C2BD00E1A42B /* ProductDetail */,
			);
			path = Modules;
			sourceTree = "<group>";
		};
		A050ACA22623C2BD00E1A42B /* ProductDetail */ = {
			isa = PBXGroup;
			children = (
				A050AD0E2625B67900E1A42B /* ProductDetailViewController.swift */,
				A050AD0F2625B67900E1A42B /* ProductDetailViewController.xib */,
			);
			path = ProductDetail;
			sourceTree = "<group>";
		};
		A050ACA62623C36E00E1A42B /* Resources */ = {
			isa = PBXGroup;
			children = (
				A03D68D02623C1DD0074810A /* Info.plist */,
				A07A3770262C9E4500E5693C /* SupportClasses */,
				A050AD212625CD2B00E1A42B /* Extensions */,
				A050ACFC26252C6600E1A42B /* CustomViews */,
				A050ACBD2623C4B200E1A42B /* Fonts */,
				A050ACA82623C3A100E1A42B /* Assets */,
				A050ACA72623C37400E1A42B /* Strings */,
			);
			path = Resources;
			sourceTree = "<group>";
		};
		A050ACA72623C37400E1A42B /* Strings */ = {
			isa = PBXGroup;
			children = (
				A050ACAF2623C40B00E1A42B /* Localizable.strings */,
			);
			path = Strings;
			sourceTree = "<group>";
		};
		A050ACA82623C3A100E1A42B /* Assets */ = {
			isa = PBXGroup;
			children = (
				A03D68CB2623C1DD0074810A /* Assets.xcassets */,
				A03D68CE2623C1DD0074810A /* Preview Assets.xcassets */,
			);
			path = Assets;
			sourceTree = "<group>";
		};
		A050ACB72623C45A00E1A42B /* App */ = {
			isa = PBXGroup;
			children = (
				A03D68C72623C1DB0074810A /* MLSearchAppApp.swift */,
				A050ACB82623C49E00E1A42B /* LaunchScreen.storyboard */,
			);
			path = App;
			sourceTree = "<group>";
		};
		A050ACBD2623C4B200E1A42B /* Fonts */ = {
			isa = PBXGroup;
			children = (
				A050ACC12623C59000E1A42B /* HarabaraMaisFontFamily */,
			);
			path = Fonts;
			sourceTree = "<group>";
		};
		A050ACC12623C59000E1A42B /* HarabaraMaisFontFamily */ = {
			isa = PBXGroup;
			children = (
				A050ACC32623C5AB00E1A42B /* Harabara Mais BdIt.otf */,
				A050ACC72623C5AB00E1A42B /* Harabara Mais Black Italic.otf */,
				A050ACC42623C5AB00E1A42B /* Harabara Mais Black.otf */,
				A050ACC22623C5AB00E1A42B /* Harabara Mais Bold.otf */,
				A050ACC62623C5AB00E1A42B /* Harabara Mais Italic.otf */,
				A050ACC82623C5AB00E1A42B /* Harabara Mais Light.otf */,
				A050ACC52623C5AB00E1A42B /* Harabara Mais LtIt.otf */,
				A050ACC92623C5AB00E1A42B /* Harabara Mais.otf */,
			);
			path = HarabaraMaisFontFamily;
			sourceTree = "<group>";
		};
		A050ACF02623CA5A00E1A42B /* Entities */ = {
			isa = PBXGroup;
			children = (
				2749A89427519817008E1FD1 /* Planet.swift */,
			);
			path = Entities;
			sourceTree = "<group>";
		};
		A050ACFC26252C6600E1A42B /* CustomViews */ = {
			isa = PBXGroup;
			children = (
				A00EBB79262D0CAF001A51E4 /* ErrorView.swift */,
				A050ACFD26252C8100E1A42B /* ArticleCell.swift */,
			);
			path = CustomViews;
			sourceTree = "<group>";
		};
		A050AD212625CD2B00E1A42B /* Extensions */ = {
			isa = PBXGroup;
			children = (
				A050AD222625CD4000E1A42B /* UIViewController+Extension.swift */,
			);
			path = Extensions;
			sourceTree = "<group>";
		};
		A07A3770262C9E4500E5693C /* SupportClasses */ = {
			isa = PBXGroup;
			children = (
				A050ACF726252A2100E1A42B /* Colors.swift */,
				A07A3771262C9E5200E5693C /* MLSearchAppEnvironment.swift */,
			);
			path = SupportClasses;
			sourceTree = "<group>";
		};
/* End PBXGroup section */

/* Begin PBXNativeTarget section */
		A03D68C32623C1DB0074810A /* PlanetListApp */ = {
			isa = PBXNativeTarget;
			buildConfigurationList = A03D68E92623C1DD0074810A /* Build configuration list for PBXNativeTarget "PlanetListApp" */;
			buildPhases = (
				A03D68C02623C1DB0074810A /* Sources */,
				A03D68C12623C1DB0074810A /* Frameworks */,
				A03D68C22623C1DB0074810A /* Resources */,
			);
			buildRules = (
			);
			dependencies = (
			);
			name = PlanetListApp;
			packageProductDependencies = (
				A050AD192625C3BB00E1A42B /* Kingfisher */,
			);
			productName = MLSearchApp;
			productReference = A03D68C42623C1DB0074810A /* PlanetListApp.app */;
			productType = "com.apple.product-type.application";
		};
		A03D68D42623C1DD0074810A /* PlanetListAppTests */ = {
			isa = PBXNativeTarget;
			buildConfigurationList = A03D68EC2623C1DD0074810A /* Build configuration list for PBXNativeTarget "PlanetListAppTests" */;
			buildPhases = (
				A03D68D12623C1DD0074810A /* Sources */,
				A03D68D22623C1DD0074810A /* Frameworks */,
				A03D68D32623C1DD0074810A /* Resources */,
			);
			buildRules = (
			);
			dependencies = (
				A03D68D72623C1DD0074810A /* PBXTargetDependency */,
			);
			name = PlanetListAppTests;
			productName = MLSearchAppTests;
			productReference = A03D68D52623C1DD0074810A /* PlanetListAppTests.xctest */;
			productType = "com.apple.product-type.bundle.unit-test";
		};
		A03D68DF2623C1DD0074810A /* PlanetListAppUITests */ = {
			isa = PBXNativeTarget;
			buildConfigurationList = A03D68EF2623C1DD0074810A /* Build configuration list for PBXNativeTarget "PlanetListAppUITests" */;
			buildPhases = (
				A03D68DC2623C1DD0074810A /* Sources */,
				A03D68DD2623C1DD0074810A /* Frameworks */,
				A03D68DE2623C1DD0074810A /* Resources */,
			);
			buildRules = (
			);
			dependencies = (
				A03D68E22623C1DD0074810A /* PBXTargetDependency */,
			);
			name = PlanetListAppUITests;
			productName = MLSearchAppUITests;
			productReference = A03D68E02623C1DD0074810A /* PlanetListAppUITests.xctest */;
			productType = "com.apple.product-type.bundle.ui-testing";
		};
/* End PBXNativeTarget section */

/* Begin PBXProject section */
		A03D68BC2623C1DB0074810A /* Project object */ = {
			isa = PBXProject;
			attributes = {
				LastSwiftUpdateCheck = 1240;
				LastUpgradeCheck = 1240;
				TargetAttributes = {
					A03D68C32623C1DB0074810A = {
						CreatedOnToolsVersion = 12.4;
					};
					A03D68D42623C1DD0074810A = {
						CreatedOnToolsVersion = 12.4;
						TestTargetID = A03D68C32623C1DB0074810A;
					};
					A03D68DF2623C1DD0074810A = {
						CreatedOnToolsVersion = 12.4;
						TestTargetID = A03D68C32623C1DB0074810A;
					};
				};
			};
			buildConfigurationList = A03D68BF2623C1DB0074810A /* Build configuration list for PBXProject "PlanetListApp" */;
			compatibilityVersion = "Xcode 9.3";
			developmentRegion = en;
			hasScannedForEncodings = 0;
			knownRegions = (
				en,
				Base,
			);
			mainGroup = A03D68BB2623C1DB0074810A;
			packageReferences = (
				A050AD182625C3BB00E1A42B /* XCRemoteSwiftPackageReference "Kingfisher" */,
			);
			productRefGroup = A03D68C52623C1DB0074810A /* Products */;
			projectDirPath = "";
			projectRoot = "";
			targets = (
				A03D68C32623C1DB0074810A /* PlanetListApp */,
				A03D68D42623C1DD0074810A /* PlanetListAppTests */,
				A03D68DF2623C1DD0074810A /* PlanetListAppUITests */,
			);
		};
/* End PBXProject section */

/* Begin PBXResourcesBuildPhase section */
		A03D68C22623C1DB0074810A /* Resources */ = {
			isa = PBXResourcesBuildPhase;
			buildActionMask = 2147483647;
			files = (
				A03D68CF2623C1DD0074810A /* Preview Assets.xcassets in Resources */,
				A050ACCA2623C5AB00E1A42B /* Harabara Mais Bold.otf in Resources */,
				A050ACCC2623C5AB00E1A42B /* Harabara Mais Black.otf in Resources */,
				A050ACB92623C49E00E1A42B /* LaunchScreen.storyboard in Resources */,
				A050ACD12623C5AB00E1A42B /* Harabara Mais.otf in Resources */,
				A050ACD02623C5AB00E1A42B /* Harabara Mais Light.otf in Resources */,
				A050ACCF2623C5AB00E1A42B /* Harabara Mais Black Italic.otf in Resources */,
				A050AD112625B67900E1A42B /* ProductDetailViewController.xib in Resources */,
				A050ACB02623C40B00E1A42B /* Localizable.strings in Resources */,
				A050ACCE2623C5AB00E1A42B /* Harabara Mais Italic.otf in Resources */,
				A050ACCB2623C5AB00E1A42B /* Harabara Mais BdIt.otf in Resources */,
				A050ACCD2623C5AB00E1A42B /* Harabara Mais LtIt.otf in Resources */,
				A03D68CC2623C1DD0074810A /* Assets.xcassets in Resources */,
			);
			runOnlyForDeploymentPostprocessing = 0;
		};
		A03D68D32623C1DD0074810A /* Resources */ = {
			isa = PBXResourcesBuildPhase;
			buildActionMask = 2147483647;
			files = (
			);
			runOnlyForDeploymentPostprocessing = 0;
		};
		A03D68DE2623C1DD0074810A /* Resources */ = {
			isa = PBXResourcesBuildPhase;
			buildActionMask = 2147483647;
			files = (
			);
			runOnlyForDeploymentPostprocessing = 0;
		};
/* End PBXResourcesBuildPhase section */

/* Begin PBXSourcesBuildPhase section */
		A03D68C02623C1DB0074810A /* Sources */ = {
			isa = PBXSourcesBuildPhase;
			buildActionMask = 2147483647;
			files = (
				A050ACE22623CA1200E1A42B /* HomeInteractor.swift in Sources */,
				2749A89127519744008E1FD1 /* APIService.swift in Sources */,
				A050AD102625B67900E1A42B /* ProductDetailViewController.swift in Sources */,
				A050ACF826252A2100E1A42B /* Colors.swift in Sources */,
				A07A3772262C9E5300E5693C /* MLSearchAppEnvironment.swift in Sources */,
				A03D68CA2623C1DB0074810A /* HomeView.swift in Sources */,
				A050AD232625CD4000E1A42B /* UIViewController+Extension.swift in Sources */,
				2749A8932751976D008E1FD1 /* RequestType.swift in Sources */,
				2749A88F275196DA008E1FD1 /* APIRequest.swift in Sources */,
				A00EBB7A262D0CAF001A51E4 /* ErrorView.swift in Sources */,
				A03D68C82623C1DB0074810A /* MLSearchAppApp.swift in Sources */,
				2749A89527519817008E1FD1 /* Planet.swift in Sources */,
				A050ACFE26252C8100E1A42B /* ArticleCell.swift in Sources */,
				A050ACE72623CA4400E1A42B /* HomePresenter.swift in Sources */,
				A050ACEC2623CA5300E1A42B /* HomeRouter.swift in Sources */,
			);
			runOnlyForDeploymentPostprocessing = 0;
		};
		A03D68D12623C1DD0074810A /* Sources */ = {
			isa = PBXSourcesBuildPhase;
			buildActionMask = 2147483647;
			files = (
				A03D68DA2623C1DD0074810A /* MLSearchAppTests.swift in Sources */,
			);
			runOnlyForDeploymentPostprocessing = 0;
		};
		A03D68DC2623C1DD0074810A /* Sources */ = {
			isa = PBXSourcesBuildPhase;
			buildActionMask = 2147483647;
			files = (
				A03D68E52623C1DD0074810A /* MLSearchAppUITests.swift in Sources */,
			);
			runOnlyForDeploymentPostprocessing = 0;
		};
/* End PBXSourcesBuildPhase section */

/* Begin PBXTargetDependency section */
		A03D68D72623C1DD0074810A /* PBXTargetDependency */ = {
			isa = PBXTargetDependency;
			target = A03D68C32623C1DB0074810A /* PlanetListApp */;
			targetProxy = A03D68D62623C1DD0074810A /* PBXContainerItemProxy */;
		};
		A03D68E22623C1DD0074810A /* PBXTargetDependency */ = {
			isa = PBXTargetDependency;
			target = A03D68C32623C1DB0074810A /* PlanetListApp */;
			targetProxy = A03D68E12623C1DD0074810A /* PBXContainerItemProxy */;
		};
/* End PBXTargetDependency section */

/* Begin XCBuildConfiguration section */
		A03D68E72623C1DD0074810A /* Debug */ = {
			isa = XCBuildConfiguration;
			buildSettings = {
				ALWAYS_SEARCH_USER_PATHS = NO;
				API_URL = "";
				"API_URL[arch=*]" = "https://api.mercadolibre.com/";
				CLANG_ANALYZER_NONNULL = YES;
				CLANG_ANALYZER_NUMBER_OBJECT_CONVERSION = YES_AGGRESSIVE;
				CLANG_CXX_LANGUAGE_STANDARD = "gnu++14";
				CLANG_CXX_LIBRARY = "libc++";
				CLANG_ENABLE_MODULES = YES;
				CLANG_ENABLE_OBJC_ARC = YES;
				CLANG_ENABLE_OBJC_WEAK = YES;
				CLANG_WARN_BLOCK_CAPTURE_AUTORELEASING = YES;
				CLANG_WARN_BOOL_CONVERSION = YES;
				CLANG_WARN_COMMA = YES;
				CLANG_WARN_CONSTANT_CONVERSION = YES;
				CLANG_WARN_DEPRECATED_OBJC_IMPLEMENTATIONS = YES;
				CLANG_WARN_DIRECT_OBJC_ISA_USAGE = YES_ERROR;
				CLANG_WARN_DOCUMENTATION_COMMENTS = YES;
				CLANG_WARN_EMPTY_BODY = YES;
				CLANG_WARN_ENUM_CONVERSION = YES;
				CLANG_WARN_INFINITE_RECURSION = YES;
				CLANG_WARN_INT_CONVERSION = YES;
				CLANG_WARN_NON_LITERAL_NULL_CONVERSION = YES;
				CLANG_WARN_OBJC_IMPLICIT_RETAIN_SELF = YES;
				CLANG_WARN_OBJC_LITERAL_CONVERSION = YES;
				CLANG_WARN_OBJC_ROOT_CLASS = YES_ERROR;
				CLANG_WARN_QUOTED_INCLUDE_IN_FRAMEWORK_HEADER = YES;
				CLANG_WARN_RANGE_LOOP_ANALYSIS = YES;
				CLANG_WARN_STRICT_PROTOTYPES = YES;
				CLANG_WARN_SUSPICIOUS_MOVE = YES;
				CLANG_WARN_UNGUARDED_AVAILABILITY = YES_AGGRESSIVE;
				CLANG_WARN_UNREACHABLE_CODE = YES;
				CLANG_WARN__DUPLICATE_METHOD_MATCH = YES;
				COPY_PHASE_STRIP = NO;
				DEBUG_INFORMATION_FORMAT = dwarf;
				ENABLE_STRICT_OBJC_MSGSEND = YES;
				ENABLE_TESTABILITY = YES;
				GCC_C_LANGUAGE_STANDARD = gnu11;
				GCC_DYNAMIC_NO_PIC = NO;
				GCC_NO_COMMON_BLOCKS = YES;
				GCC_OPTIMIZATION_LEVEL = 0;
				GCC_PREPROCESSOR_DEFINITIONS = (
					"DEBUG=1",
					"$(inherited)",
				);
				GCC_WARN_64_TO_32_BIT_CONVERSION = YES;
				GCC_WARN_ABOUT_RETURN_TYPE = YES_ERROR;
				GCC_WARN_UNDECLARED_SELECTOR = YES;
				GCC_WARN_UNINITIALIZED_AUTOS = YES_AGGRESSIVE;
				GCC_WARN_UNUSED_FUNCTION = YES;
				GCC_WARN_UNUSED_VARIABLE = YES;
				IPHONEOS_DEPLOYMENT_TARGET = 14.4;
				MTL_ENABLE_DEBUG_INFO = INCLUDE_SOURCE;
				MTL_FAST_MATH = YES;
				ONLY_ACTIVE_ARCH = YES;
				SDKROOT = iphoneos;
				SWIFT_ACTIVE_COMPILATION_CONDITIONS = DEBUG;
				SWIFT_OPTIMIZATION_LEVEL = "-Onone";
			};
			name = Debug;
		};
		A03D68E82623C1DD0074810A /* Release */ = {
			isa = XCBuildConfiguration;
			buildSettings = {
				ALWAYS_SEARCH_USER_PATHS = NO;
				API_URL = "";
				"API_URL[arch=*]" = "https://api.mercadolibre.com/";
				CLANG_ANALYZER_NONNULL = YES;
				CLANG_ANALYZER_NUMBER_OBJECT_CONVERSION = YES_AGGRESSIVE;
				CLANG_CXX_LANGUAGE_STANDARD = "gnu++14";
				CLANG_CXX_LIBRARY = "libc++";
				CLANG_ENABLE_MODULES = YES;
				CLANG_ENABLE_OBJC_ARC = YES;
				CLANG_ENABLE_OBJC_WEAK = YES;
				CLANG_WARN_BLOCK_CAPTURE_AUTORELEASING = YES;
				CLANG_WARN_BOOL_CONVERSION = YES;
				CLANG_WARN_COMMA = YES;
				CLANG_WARN_CONSTANT_CONVERSION = YES;
				CLANG_WARN_DEPRECATED_OBJC_IMPLEMENTATIONS = YES;
				CLANG_WARN_DIRECT_OBJC_ISA_USAGE = YES_ERROR;
				CLANG_WARN_DOCUMENTATION_COMMENTS = YES;
				CLANG_WARN_EMPTY_BODY = YES;
				CLANG_WARN_ENUM_CONVERSION = YES;
				CLANG_WARN_INFINITE_RECURSION = YES;
				CLANG_WARN_INT_CONVERSION = YES;
				CLANG_WARN_NON_LITERAL_NULL_CONVERSION = YES;
				CLANG_WARN_OBJC_IMPLICIT_RETAIN_SELF = YES;
				CLANG_WARN_OBJC_LITERAL_CONVERSION = YES;
				CLANG_WARN_OBJC_ROOT_CLASS = YES_ERROR;
				CLANG_WARN_QUOTED_INCLUDE_IN_FRAMEWORK_HEADER = YES;
				CLANG_WARN_RANGE_LOOP_ANALYSIS = YES;
				CLANG_WARN_STRICT_PROTOTYPES = YES;
				CLANG_WARN_SUSPICIOUS_MOVE = YES;
				CLANG_WARN_UNGUARDED_AVAILABILITY = YES_AGGRESSIVE;
				CLANG_WARN_UNREACHABLE_CODE = YES;
				CLANG_WARN__DUPLICATE_METHOD_MATCH = YES;
				COPY_PHASE_STRIP = NO;
				DEBUG_INFORMATION_FORMAT = "dwarf-with-dsym";
				ENABLE_NS_ASSERTIONS = NO;
				ENABLE_STRICT_OBJC_MSGSEND = YES;
				GCC_C_LANGUAGE_STANDARD = gnu11;
				GCC_NO_COMMON_BLOCKS = YES;
				GCC_WARN_64_TO_32_BIT_CONVERSION = YES;
				GCC_WARN_ABOUT_RETURN_TYPE = YES_ERROR;
				GCC_WARN_UNDECLARED_SELECTOR = YES;
				GCC_WARN_UNINITIALIZED_AUTOS = YES_AGGRESSIVE;
				GCC_WARN_UNUSED_FUNCTION = YES;
				GCC_WARN_UNUSED_VARIABLE = YES;
				IPHONEOS_DEPLOYMENT_TARGET = 14.4;
				MTL_ENABLE_DEBUG_INFO = NO;
				MTL_FAST_MATH = YES;
				SDKROOT = iphoneos;
				SWIFT_COMPILATION_MODE = wholemodule;
				SWIFT_OPTIMIZATION_LEVEL = "-O";
				VALIDATE_PRODUCT = YES;
			};
			name = Release;
		};
		A03D68EA2623C1DD0074810A /* Debug */ = {
			isa = XCBuildConfiguration;
			buildSettings = {
				ASSETCATALOG_COMPILER_APPICON_NAME = AppIcon;
				ASSETCATALOG_COMPILER_GLOBAL_ACCENT_COLOR_NAME = AccentColor;
				CODE_SIGN_STYLE = Automatic;
				DEVELOPMENT_ASSET_PATHS = "\"PlanetListApp/Resources/Assets\"";
				DEVELOPMENT_TEAM = 9S89N47TPY;
				ENABLE_PREVIEWS = YES;
				INFOPLIST_FILE = PlanetListApp/Resources/Info.plist;
				IPHONEOS_DEPLOYMENT_TARGET = 14.0;
				LD_RUNPATH_SEARCH_PATHS = (
					"$(inherited)",
					"@executable_path/Frameworks",
				);
				PRODUCT_BUNDLE_IDENTIFIER = "Democres-Software.PlanetListApp";
				PRODUCT_NAME = "$(TARGET_NAME)";
				SWIFT_VERSION = 5.0;
				TARGETED_DEVICE_FAMILY = "1,2";
			};
			name = Debug;
		};
		A03D68EB2623C1DD0074810A /* Release */ = {
			isa = XCBuildConfiguration;
			buildSettings = {
				ASSETCATALOG_COMPILER_APPICON_NAME = AppIcon;
				ASSETCATALOG_COMPILER_GLOBAL_ACCENT_COLOR_NAME = AccentColor;
				CODE_SIGN_STYLE = Automatic;
				DEVELOPMENT_ASSET_PATHS = "\"PlanetListApp/Resources/Assets\"";
				DEVELOPMENT_TEAM = 9S89N47TPY;
				ENABLE_PREVIEWS = YES;
				INFOPLIST_FILE = PlanetListApp/Resources/Info.plist;
				IPHONEOS_DEPLOYMENT_TARGET = 14.0;
				LD_RUNPATH_SEARCH_PATHS = (
					"$(inherited)",
					"@executable_path/Frameworks",
				);
				PRODUCT_BUNDLE_IDENTIFIER = "Democres-Software.PlanetListApp";
				PRODUCT_NAME = "$(TARGET_NAME)";
				SWIFT_VERSION = 5.0;
				TARGETED_DEVICE_FAMILY = "1,2";
			};
			name = Release;
		};
		A03D68ED2623C1DD0074810A /* Debug */ = {
			isa = XCBuildConfiguration;
			buildSettings = {
				ALWAYS_EMBED_SWIFT_STANDARD_LIBRARIES = YES;
				BUNDLE_LOADER = "$(TEST_HOST)";
				CODE_SIGN_STYLE = Automatic;
				DEVELOPMENT_TEAM = 9S89N47TPY;
				INFOPLIST_FILE = MLSearchAppTests/Info.plist;
				IPHONEOS_DEPLOYMENT_TARGET = 14.0;
				LD_RUNPATH_SEARCH_PATHS = (
					"$(inherited)",
					"@executable_path/Frameworks",
					"@loader_path/Frameworks",
				);
				PRODUCT_BUNDLE_IDENTIFIER = "Democres-Software.MLSearchAppTests";
				PRODUCT_NAME = "$(TARGET_NAME)";
				SWIFT_VERSION = 5.0;
				TARGETED_DEVICE_FAMILY = "1,2";
				TEST_HOST = "$(BUILT_PRODUCTS_DIR)/PlanetListApp.app/PlanetListApp";
			};
			name = Debug;
		};
		A03D68EE2623C1DD0074810A /* Release */ = {
			isa = XCBuildConfiguration;
			buildSettings = {
				ALWAYS_EMBED_SWIFT_STANDARD_LIBRARIES = YES;
				BUNDLE_LOADER = "$(TEST_HOST)";
				CODE_SIGN_STYLE = Automatic;
				DEVELOPMENT_TEAM = 9S89N47TPY;
				INFOPLIST_FILE = MLSearchAppTests/Info.plist;
				IPHONEOS_DEPLOYMENT_TARGET = 14.0;
				LD_RUNPATH_SEARCH_PATHS = (
					"$(inherited)",
					"@executable_path/Frameworks",
					"@loader_path/Frameworks",
				);
				PRODUCT_BUNDLE_IDENTIFIER = "Democres-Software.MLSearchAppTests";
				PRODUCT_NAME = "$(TARGET_NAME)";
				SWIFT_VERSION = 5.0;
				TARGETED_DEVICE_FAMILY = "1,2";
				TEST_HOST = "$(BUILT_PRODUCTS_DIR)/PlanetListApp.app/PlanetListApp";
			};
			name = Release;
		};
		A03D68F02623C1DD0074810A /* Debug */ = {
			isa = XCBuildConfiguration;
			buildSettings = {
				ALWAYS_EMBED_SWIFT_STANDARD_LIBRARIES = YES;
				CODE_SIGN_STYLE = Automatic;
				DEVELOPMENT_TEAM = 9S89N47TPY;
				INFOPLIST_FILE = MLSearchAppUITests/Info.plist;
				LD_RUNPATH_SEARCH_PATHS = (
					"$(inherited)",
					"@executable_path/Frameworks",
					"@loader_path/Frameworks",
				);
				PRODUCT_BUNDLE_IDENTIFIER = "Democres-Software.MLSearchAppUITests";
				PRODUCT_NAME = "$(TARGET_NAME)";
				SWIFT_VERSION = 5.0;
				TARGETED_DEVICE_FAMILY = "1,2";
				TEST_TARGET_NAME = MLSearchApp;
			};
			name = Debug;
		};
		A03D68F12623C1DD0074810A /* Release */ = {
			isa = XCBuildConfiguration;
			buildSettings = {
				ALWAYS_EMBED_SWIFT_STANDARD_LIBRARIES = YES;
				CODE_SIGN_STYLE = Automatic;
				DEVELOPMENT_TEAM = 9S89N47TPY;
				INFOPLIST_FILE = MLSearchAppUITests/Info.plist;
				LD_RUNPATH_SEARCH_PATHS = (
					"$(inherited)",
					"@executable_path/Frameworks",
					"@loader_path/Frameworks",
				);
				PRODUCT_BUNDLE_IDENTIFIER = "Democres-Software.MLSearchAppUITests";
				PRODUCT_NAME = "$(TARGET_NAME)";
				SWIFT_VERSION = 5.0;
				TARGETED_DEVICE_FAMILY = "1,2";
				TEST_TARGET_NAME = MLSearchApp;
			};
			name = Release;
		};
/* End XCBuildConfiguration section */

/* Begin XCConfigurationList section */
		A03D68BF2623C1DB0074810A /* Build configuration list for PBXProject "PlanetListApp" */ = {
			isa = XCConfigurationList;
			buildConfigurations = (
				A03D68E72623C1DD0074810A /* Debug */,
				A03D68E82623C1DD0074810A /* Release */,
			);
			defaultConfigurationIsVisible = 0;
			defaultConfigurationName = Release;
		};
		A03D68E92623C1DD0074810A /* Build configuration list for PBXNativeTarget "PlanetListApp" */ = {
			isa = XCConfigurationList;
			buildConfigurations = (
				A03D68EA2623C1DD0074810A /* Debug */,
				A03D68EB2623C1DD0074810A /* Release */,
			);
			defaultConfigurationIsVisible = 0;
			defaultConfigurationName = Release;
		};
		A03D68EC2623C1DD0074810A /* Build configuration list for PBXNativeTarget "PlanetListAppTests" */ = {
			isa = XCConfigurationList;
			buildConfigurations = (
				A03D68ED2623C1DD0074810A /* Debug */,
				A03D68EE2623C1DD0074810A /* Release */,
			);
			defaultConfigurationIsVisible = 0;
			defaultConfigurationName = Release;
		};
		A03D68EF2623C1DD0074810A /* Build configuration list for PBXNativeTarget "PlanetListAppUITests" */ = {
			isa = XCConfigurationList;
			buildConfigurations = (
				A03D68F02623C1DD0074810A /* Debug */,
				A03D68F12623C1DD0074810A /* Release */,
			);
			defaultConfigurationIsVisible = 0;
			defaultConfigurationName = Release;
		};
/* End XCConfigurationList section */

/* Begin XCRemoteSwiftPackageReference section */
		A050AD182625C3BB00E1A42B /* XCRemoteSwiftPackageReference "Kingfisher" */ = {
			isa = XCRemoteSwiftPackageReference;
			repositoryURL = "https://github.com/onevcat/Kingfisher.git";
			requirement = {
				kind = upToNextMajorVersion;
				minimumVersion = 6.0.0;
			};
		};
/* End XCRemoteSwiftPackageReference section */

/* Begin XCSwiftPackageProductDependency section */
		A050AD192625C3BB00E1A42B /* Kingfisher */ = {
			isa = XCSwiftPackageProductDependency;
			package = A050AD182625C3BB00E1A42B /* XCRemoteSwiftPackageReference "Kingfisher" */;
			productName = Kingfisher;
		};
/* End XCSwiftPackageProductDependency section */
	};
	rootObject = A03D68BC2623C1DB0074810A /* Project object */;
}
